// !$*UTF8*$!
{
	archiveVersion = 1;
	classes = {
	};
	objectVersion = 46;
	objects = {

/* Begin PBXBuildFile section */
		BC47FEF61932BFFE00725384 /* CoreData.framework in Frameworks */ = {isa = PBXBuildFile; fileRef = BC47FEF51932BFFE00725384 /* CoreData.framework */; };
		BC47FEFA1932C06600725384 /* fun4.xcdatamodeld in Sources */ = {isa = PBXBuildFile; fileRef = BC47FEF81932C06600725384 /* fun4.xcdatamodeld */; };
		BC47FF031934121A00725384 /* Traveler.m in Sources */ = {isa = PBXBuildFile; fileRef = BC47FF021934121A00725384 /* Traveler.m */; };
		BC47FF09193416FB00725384 /* MeViewController.m in Sources */ = {isa = PBXBuildFile; fileRef = BC47FF08193416FB00725384 /* MeViewController.m */; };
		BC783A2C18F4D0D200BC26EB /* Foundation.framework in Frameworks */ = {isa = PBXBuildFile; fileRef = BC783A2B18F4D0D200BC26EB /* Foundation.framework */; };
		BC783A2E18F4D0D200BC26EB /* CoreGraphics.framework in Frameworks */ = {isa = PBXBuildFile; fileRef = BC783A2D18F4D0D200BC26EB /* CoreGraphics.framework */; };
		BC783A3018F4D0D200BC26EB /* UIKit.framework in Frameworks */ = {isa = PBXBuildFile; fileRef = BC783A2F18F4D0D200BC26EB /* UIKit.framework */; };
		BC783A3618F4D0D200BC26EB /* InfoPlist.strings in Resources */ = {isa = PBXBuildFile; fileRef = BC783A3418F4D0D200BC26EB /* InfoPlist.strings */; };
		BC783A3818F4D0D200BC26EB /* main.m in Sources */ = {isa = PBXBuildFile; fileRef = BC783A3718F4D0D200BC26EB /* main.m */; };
		BC783A3C18F4D0D200BC26EB /* AppDelegate.m in Sources */ = {isa = PBXBuildFile; fileRef = BC783A3B18F4D0D200BC26EB /* AppDelegate.m */; };
		BC783A3F18F4D0D200BC26EB /* Main.storyboard in Resources */ = {isa = PBXBuildFile; fileRef = BC783A3D18F4D0D200BC26EB /* Main.storyboard */; };
		BC783A4218F4D0D200BC26EB /* ViewController.m in Sources */ = {isa = PBXBuildFile; fileRef = BC783A4118F4D0D200BC26EB /* ViewController.m */; };
		BC783A4418F4D0D200BC26EB /* Images.xcassets in Resources */ = {isa = PBXBuildFile; fileRef = BC783A4318F4D0D200BC26EB /* Images.xcassets */; };
		BC783A4B18F4D0D300BC26EB /* XCTest.framework in Frameworks */ = {isa = PBXBuildFile; fileRef = BC783A4A18F4D0D300BC26EB /* XCTest.framework */; };
		BC783A4C18F4D0D300BC26EB /* Foundation.framework in Frameworks */ = {isa = PBXBuildFile; fileRef = BC783A2B18F4D0D200BC26EB /* Foundation.framework */; };
		BC783A4D18F4D0D300BC26EB /* UIKit.framework in Frameworks */ = {isa = PBXBuildFile; fileRef = BC783A2F18F4D0D200BC26EB /* UIKit.framework */; };
		BC783A5518F4D0D300BC26EB /* InfoPlist.strings in Resources */ = {isa = PBXBuildFile; fileRef = BC783A5318F4D0D300BC26EB /* InfoPlist.strings */; };
		BC783A5718F4D0D300BC26EB /* fun4Tests.m in Sources */ = {isa = PBXBuildFile; fileRef = BC783A5618F4D0D300BC26EB /* fun4Tests.m */; };
		BC8E8F2818FAE95E008D8C51 /* CoreLocation.framework in Frameworks */ = {isa = PBXBuildFile; fileRef = BC8E8F2718FAE95E008D8C51 /* CoreLocation.framework */; };
		BC8E8F2E18FAEC20008D8C51 /* AttractionsTableViewController.m in Sources */ = {isa = PBXBuildFile; fileRef = BC8E8F2D18FAEC20008D8C51 /* AttractionsTableViewController.m */; };
		BC8E8F3A18FB1F42008D8C51 /* SearchViewController.m in Sources */ = {isa = PBXBuildFile; fileRef = BC8E8F3918FB1F42008D8C51 /* SearchViewController.m */; };
		BC8E8F3C18FB225D008D8C51 /* MapKit.framework in Frameworks */ = {isa = PBXBuildFile; fileRef = BC8E8F3B18FB225D008D8C51 /* MapKit.framework */; };
		BC8E8F4118FB2413008D8C51 /* JSONKit.m in Sources */ = {isa = PBXBuildFile; fileRef = BC8E8F3E18FB236D008D8C51 /* JSONKit.m */; settings = {COMPILER_FLAGS = "-fno-objc-arc"; }; };
		BC91AAF01909DA1B004B2135 /* AttractionDetailViewController.m in Sources */ = {isa = PBXBuildFile; fileRef = BC91AAEF1909DA1B004B2135 /* AttractionDetailViewController.m */; };
		BC91AAF51909ECD2004B2135 /* Attraction.m in Sources */ = {isa = PBXBuildFile; fileRef = BC91AAF41909ECD2004B2135 /* Attraction.m */; };
		BC94924D190F2D4500EC956D /* AcousticModelEnglish.bundle in Resources */ = {isa = PBXBuildFile; fileRef = BC949249190F2D4500EC956D /* AcousticModelEnglish.bundle */; };
		BC94924E190F2D4500EC956D /* AcousticModelSpanish.bundle in Resources */ = {isa = PBXBuildFile; fileRef = BC94924A190F2D4500EC956D /* AcousticModelSpanish.bundle */; };
		BC94924F190F2D4500EC956D /* OpenEars.framework in Frameworks */ = {isa = PBXBuildFile; fileRef = BC94924B190F2D4500EC956D /* OpenEars.framework */; };
		BC949250190F2D4500EC956D /* Slt.framework in Frameworks */ = {isa = PBXBuildFile; fileRef = BC94924C190F2D4500EC956D /* Slt.framework */; };
		BC949253190F2DB100EC956D /* AudioToolbox.framework in Frameworks */ = {isa = PBXBuildFile; fileRef = BC949251190F2DB100EC956D /* AudioToolbox.framework */; };
		BC949254190F2DB100EC956D /* AVFoundation.framework in Frameworks */ = {isa = PBXBuildFile; fileRef = BC949252190F2DB100EC956D /* AVFoundation.framework */; };
		BC9492571911CF5800EC956D /* DynamicSpeechRecognition.m in Sources */ = {isa = PBXBuildFile; fileRef = BC9492561911CF5800EC956D /* DynamicSpeechRecognition.m */; };
		BCF256B9193E9DF3007DADC5 /* Parse.framework in Frameworks */ = {isa = PBXBuildFile; fileRef = BCF256B8193E9DF3007DADC5 /* Parse.framework */; };
		BCF256BB193E9ECE007DADC5 /* CFNetwork.framework in Frameworks */ = {isa = PBXBuildFile; fileRef = BCF256BA193E9ECE007DADC5 /* CFNetwork.framework */; };
		BCF256BD193E9EEF007DADC5 /* libz.dylib in Frameworks */ = {isa = PBXBuildFile; fileRef = BCF256BC193E9EEF007DADC5 /* libz.dylib */; };
		BCF256BF193E9F02007DADC5 /* MobileCoreServices.framework in Frameworks */ = {isa = PBXBuildFile; fileRef = BCF256BE193E9F02007DADC5 /* MobileCoreServices.framework */; };
		BCF256C1193E9F11007DADC5 /* QuartzCore.framework in Frameworks */ = {isa = PBXBuildFile; fileRef = BCF256C0193E9F11007DADC5 /* QuartzCore.framework */; };
		BCF256C3193E9F20007DADC5 /* Security.framework in Frameworks */ = {isa = PBXBuildFile; fileRef = BCF256C2193E9F20007DADC5 /* Security.framework */; };
		BCF256C6193E9F2E007DADC5 /* StoreKit.framework in Frameworks */ = {isa = PBXBuildFile; fileRef = BCF256C4193E9F2E007DADC5 /* StoreKit.framework */; };
		BCF256C7193E9F2E007DADC5 /* SystemConfiguration.framework in Frameworks */ = {isa = PBXBuildFile; fileRef = BCF256C5193E9F2E007DADC5 /* SystemConfiguration.framework */; };
		BCF256CA19468C38007DADC5 /* PreferenceViewController.m in Sources */ = {isa = PBXBuildFile; fileRef = BCF256C919468C38007DADC5 /* PreferenceViewController.m */; };
		BCF256D6194A838E007DADC5 /* PhotoPickerViewController.m in Sources */ = {isa = PBXBuildFile; fileRef = BCF256D5194A838E007DADC5 /* PhotoPickerViewController.m */; };
		BCF256DE194E19A6007DADC5 /* MeTableViewController.m in Sources */ = {isa = PBXBuildFile; fileRef = BCF256DD194E19A5007DADC5 /* MeTableViewController.m */; };
/* End PBXBuildFile section */

/* Begin PBXContainerItemProxy section */
		BC783A4E18F4D0D300BC26EB /* PBXContainerItemProxy */ = {
			isa = PBXContainerItemProxy;
			containerPortal = BC783A2018F4D0D200BC26EB /* Project object */;
			proxyType = 1;
			remoteGlobalIDString = BC783A2718F4D0D200BC26EB;
			remoteInfo = fun4;
		};
/* End PBXContainerItemProxy section */

/* Begin PBXFileReference section */
		BC47FEF51932BFFE00725384 /* CoreData.framework */ = {isa = PBXFileReference; lastKnownFileType = wrapper.framework; name = CoreData.framework; path = System/Library/Frameworks/CoreData.framework; sourceTree = SDKROOT; };
		BC47FEF91932C06600725384 /* fun4.xcdatamodel */ = {isa = PBXFileReference; lastKnownFileType = wrapper.xcdatamodel; path = fun4.xcdatamodel; sourceTree = "<group>"; };
		BC47FF011934121A00725384 /* Traveler.h */ = {isa = PBXFileReference; fileEncoding = 4; lastKnownFileType = sourcecode.c.h; path = Traveler.h; sourceTree = "<group>"; };
		BC47FF021934121A00725384 /* Traveler.m */ = {isa = PBXFileReference; fileEncoding = 4; lastKnownFileType = sourcecode.c.objc; path = Traveler.m; sourceTree = "<group>"; };
		BC47FF07193416FB00725384 /* MeViewController.h */ = {isa = PBXFileReference; fileEncoding = 4; lastKnownFileType = sourcecode.c.h; path = MeViewController.h; sourceTree = "<group>"; };
		BC47FF08193416FB00725384 /* MeViewController.m */ = {isa = PBXFileReference; fileEncoding = 4; lastKnownFileType = sourcecode.c.objc; path = MeViewController.m; sourceTree = "<group>"; };
		BC783A2818F4D0D200BC26EB /* fun4.app */ = {isa = PBXFileReference; explicitFileType = wrapper.application; includeInIndex = 0; path = fun4.app; sourceTree = BUILT_PRODUCTS_DIR; };
		BC783A2B18F4D0D200BC26EB /* Foundation.framework */ = {isa = PBXFileReference; lastKnownFileType = wrapper.framework; name = Foundation.framework; path = System/Library/Frameworks/Foundation.framework; sourceTree = SDKROOT; };
		BC783A2D18F4D0D200BC26EB /* CoreGraphics.framework */ = {isa = PBXFileReference; lastKnownFileType = wrapper.framework; name = CoreGraphics.framework; path = System/Library/Frameworks/CoreGraphics.framework; sourceTree = SDKROOT; };
		BC783A2F18F4D0D200BC26EB /* UIKit.framework */ = {isa = PBXFileReference; lastKnownFileType = wrapper.framework; name = UIKit.framework; path = System/Library/Frameworks/UIKit.framework; sourceTree = SDKROOT; };
		BC783A3318F4D0D200BC26EB /* fun4-Info.plist */ = {isa = PBXFileReference; lastKnownFileType = text.plist.xml; path = "fun4-Info.plist"; sourceTree = "<group>"; };
		BC783A3518F4D0D200BC26EB /* en */ = {isa = PBXFileReference; lastKnownFileType = text.plist.strings; name = en; path = en.lproj/InfoPlist.strings; sourceTree = "<group>"; };
		BC783A3718F4D0D200BC26EB /* main.m */ = {isa = PBXFileReference; lastKnownFileType = sourcecode.c.objc; path = main.m; sourceTree = "<group>"; };
		BC783A3918F4D0D200BC26EB /* fun4-Prefix.pch */ = {isa = PBXFileReference; lastKnownFileType = sourcecode.c.h; path = "fun4-Prefix.pch"; sourceTree = "<group>"; };
		BC783A3A18F4D0D200BC26EB /* AppDelegate.h */ = {isa = PBXFileReference; lastKnownFileType = sourcecode.c.h; path = AppDelegate.h; sourceTree = "<group>"; };
		BC783A3B18F4D0D200BC26EB /* AppDelegate.m */ = {isa = PBXFileReference; lastKnownFileType = sourcecode.c.objc; path = AppDelegate.m; sourceTree = "<group>"; };
		BC783A3E18F4D0D200BC26EB /* Base */ = {isa = PBXFileReference; lastKnownFileType = file.storyboard; name = Base; path = Base.lproj/Main.storyboard; sourceTree = "<group>"; };
		BC783A4018F4D0D200BC26EB /* ViewController.h */ = {isa = PBXFileReference; lastKnownFileType = sourcecode.c.h; path = ViewController.h; sourceTree = "<group>"; };
		BC783A4118F4D0D200BC26EB /* ViewController.m */ = {isa = PBXFileReference; lastKnownFileType = sourcecode.c.objc; path = ViewController.m; sourceTree = "<group>"; };
		BC783A4318F4D0D200BC26EB /* Images.xcassets */ = {isa = PBXFileReference; lastKnownFileType = folder.assetcatalog; path = Images.xcassets; sourceTree = "<group>"; };
		BC783A4918F4D0D300BC26EB /* fun4Tests.xctest */ = {isa = PBXFileReference; explicitFileType = wrapper.cfbundle; includeInIndex = 0; path = fun4Tests.xctest; sourceTree = BUILT_PRODUCTS_DIR; };
		BC783A4A18F4D0D300BC26EB /* XCTest.framework */ = {isa = PBXFileReference; lastKnownFileType = wrapper.framework; name = XCTest.framework; path = Library/Frameworks/XCTest.framework; sourceTree = DEVELOPER_DIR; };
		BC783A5218F4D0D300BC26EB /* fun4Tests-Info.plist */ = {isa = PBXFileReference; lastKnownFileType = text.plist.xml; path = "fun4Tests-Info.plist"; sourceTree = "<group>"; };
		BC783A5418F4D0D300BC26EB /* en */ = {isa = PBXFileReference; lastKnownFileType = text.plist.strings; name = en; path = en.lproj/InfoPlist.strings; sourceTree = "<group>"; };
		BC783A5618F4D0D300BC26EB /* fun4Tests.m */ = {isa = PBXFileReference; lastKnownFileType = sourcecode.c.objc; path = fun4Tests.m; sourceTree = "<group>"; };
		BC8E8F2618FAE7F6008D8C51 /* searchCriteriaProtocol.h */ = {isa = PBXFileReference; lastKnownFileType = sourcecode.c.h; path = searchCriteriaProtocol.h; sourceTree = "<group>"; };
		BC8E8F2718FAE95E008D8C51 /* CoreLocation.framework */ = {isa = PBXFileReference; lastKnownFileType = wrapper.framework; name = CoreLocation.framework; path = System/Library/Frameworks/CoreLocation.framework; sourceTree = SDKROOT; };
		BC8E8F2C18FAEC20008D8C51 /* AttractionsTableViewController.h */ = {isa = PBXFileReference; fileEncoding = 4; lastKnownFileType = sourcecode.c.h; path = AttractionsTableViewController.h; sourceTree = "<group>"; };
		BC8E8F2D18FAEC20008D8C51 /* AttractionsTableViewController.m */ = {isa = PBXFileReference; fileEncoding = 4; lastKnownFileType = sourcecode.c.objc; path = AttractionsTableViewController.m; sourceTree = "<group>"; };
		BC8E8F3818FB1F42008D8C51 /* SearchViewController.h */ = {isa = PBXFileReference; fileEncoding = 4; lastKnownFileType = sourcecode.c.h; path = SearchViewController.h; sourceTree = "<group>"; };
		BC8E8F3918FB1F42008D8C51 /* SearchViewController.m */ = {isa = PBXFileReference; fileEncoding = 4; lastKnownFileType = sourcecode.c.objc; path = SearchViewController.m; sourceTree = "<group>"; };
		BC8E8F3B18FB225D008D8C51 /* MapKit.framework */ = {isa = PBXFileReference; lastKnownFileType = wrapper.framework; name = MapKit.framework; path = System/Library/Frameworks/MapKit.framework; sourceTree = SDKROOT; };
		BC8E8F3D18FB236D008D8C51 /* JSONKit.h */ = {isa = PBXFileReference; fileEncoding = 4; lastKnownFileType = sourcecode.c.h; path = JSONKit.h; sourceTree = "<group>"; };
		BC8E8F3E18FB236D008D8C51 /* JSONKit.m */ = {isa = PBXFileReference; fileEncoding = 4; lastKnownFileType = sourcecode.c.objc; path = JSONKit.m; sourceTree = "<group>"; };
		BC91AAEE1909DA1B004B2135 /* AttractionDetailViewController.h */ = {isa = PBXFileReference; fileEncoding = 4; lastKnownFileType = sourcecode.c.h; path = AttractionDetailViewController.h; sourceTree = "<group>"; };
		BC91AAEF1909DA1B004B2135 /* AttractionDetailViewController.m */ = {isa = PBXFileReference; fileEncoding = 4; lastKnownFileType = sourcecode.c.objc; path = AttractionDetailViewController.m; sourceTree = "<group>"; };
		BC91AAF11909EC02004B2135 /* attractionDetailProtocol.h */ = {isa = PBXFileReference; lastKnownFileType = sourcecode.c.h; path = attractionDetailProtocol.h; sourceTree = "<group>"; };
		BC91AAF31909ECD2004B2135 /* Attraction.h */ = {isa = PBXFileReference; fileEncoding = 4; lastKnownFileType = sourcecode.c.h; path = Attraction.h; sourceTree = "<group>"; };
		BC91AAF41909ECD2004B2135 /* Attraction.m */ = {isa = PBXFileReference; fileEncoding = 4; lastKnownFileType = sourcecode.c.objc; path = Attraction.m; sourceTree = "<group>"; };
		BC949249190F2D4500EC956D /* AcousticModelEnglish.bundle */ = {isa = PBXFileReference; lastKnownFileType = "wrapper.plug-in"; path = AcousticModelEnglish.bundle; sourceTree = "<group>"; };
		BC94924A190F2D4500EC956D /* AcousticModelSpanish.bundle */ = {isa = PBXFileReference; lastKnownFileType = "wrapper.plug-in"; path = AcousticModelSpanish.bundle; sourceTree = "<group>"; };
		BC94924B190F2D4500EC956D /* OpenEars.framework */ = {isa = PBXFileReference; lastKnownFileType = wrapper.framework; path = OpenEars.framework; sourceTree = "<group>"; };
		BC94924C190F2D4500EC956D /* Slt.framework */ = {isa = PBXFileReference; lastKnownFileType = wrapper.framework; path = Slt.framework; sourceTree = "<group>"; };
		BC949251190F2DB100EC956D /* AudioToolbox.framework */ = {isa = PBXFileReference; lastKnownFileType = wrapper.framework; name = AudioToolbox.framework; path = System/Library/Frameworks/AudioToolbox.framework; sourceTree = SDKROOT; };
		BC949252190F2DB100EC956D /* AVFoundation.framework */ = {isa = PBXFileReference; lastKnownFileType = wrapper.framework; name = AVFoundation.framework; path = System/Library/Frameworks/AVFoundation.framework; sourceTree = SDKROOT; };
		BC9492551911CF5800EC956D /* DynamicSpeechRecognition.h */ = {isa = PBXFileReference; fileEncoding = 4; lastKnownFileType = sourcecode.c.h; path = DynamicSpeechRecognition.h; sourceTree = "<group>"; };
		BC9492561911CF5800EC956D /* DynamicSpeechRecognition.m */ = {isa = PBXFileReference; fileEncoding = 4; lastKnownFileType = sourcecode.c.objc; path = DynamicSpeechRecognition.m; sourceTree = "<group>"; };
		BCF256B8193E9DF3007DADC5 /* Parse.framework */ = {isa = PBXFileReference; lastKnownFileType = wrapper.framework; path = Parse.framework; sourceTree = "<group>"; };
		BCF256BA193E9ECE007DADC5 /* CFNetwork.framework */ = {isa = PBXFileReference; lastKnownFileType = wrapper.framework; name = CFNetwork.framework; path = System/Library/Frameworks/CFNetwork.framework; sourceTree = SDKROOT; };
		BCF256BC193E9EEF007DADC5 /* libz.dylib */ = {isa = PBXFileReference; lastKnownFileType = "compiled.mach-o.dylib"; name = libz.dylib; path = usr/lib/libz.dylib; sourceTree = SDKROOT; };
		BCF256BE193E9F02007DADC5 /* MobileCoreServices.framework */ = {isa = PBXFileReference; lastKnownFileType = wrapper.framework; name = MobileCoreServices.framework; path = System/Library/Frameworks/MobileCoreServices.framework; sourceTree = SDKROOT; };
		BCF256C0193E9F11007DADC5 /* QuartzCore.framework */ = {isa = PBXFileReference; lastKnownFileType = wrapper.framework; name = QuartzCore.framework; path = System/Library/Frameworks/QuartzCore.framework; sourceTree = SDKROOT; };
		BCF256C2193E9F20007DADC5 /* Security.framework */ = {isa = PBXFileReference; lastKnownFileType = wrapper.framework; name = Security.framework; path = System/Library/Frameworks/Security.framework; sourceTree = SDKROOT; };
		BCF256C4193E9F2E007DADC5 /* StoreKit.framework */ = {isa = PBXFileReference; lastKnownFileType = wrapper.framework; name = StoreKit.framework; path = System/Library/Frameworks/StoreKit.framework; sourceTree = SDKROOT; };
		BCF256C5193E9F2E007DADC5 /* SystemConfiguration.framework */ = {isa = PBXFileReference; lastKnownFileType = wrapper.framework; name = SystemConfiguration.framework; path = System/Library/Frameworks/SystemConfiguration.framework; sourceTree = SDKROOT; };
		BCF256C819468C38007DADC5 /* PreferenceViewController.h */ = {isa = PBXFileReference; fileEncoding = 4; lastKnownFileType = sourcecode.c.h; path = PreferenceViewController.h; sourceTree = "<group>"; };
		BCF256C919468C38007DADC5 /* PreferenceViewController.m */ = {isa = PBXFileReference; fileEncoding = 4; lastKnownFileType = sourcecode.c.objc; path = PreferenceViewController.m; sourceTree = "<group>"; };
		BCF256D4194A838E007DADC5 /* PhotoPickerViewController.h */ = {isa = PBXFileReference; fileEncoding = 4; lastKnownFileType = sourcecode.c.h; path = PhotoPickerViewController.h; sourceTree = "<group>"; };
		BCF256D5194A838E007DADC5 /* PhotoPickerViewController.m */ = {isa = PBXFileReference; fileEncoding = 4; lastKnownFileType = sourcecode.c.objc; path = PhotoPickerViewController.m; sourceTree = "<group>"; };
		BCF256DC194E19A5007DADC5 /* MeTableViewController.h */ = {isa = PBXFileReference; fileEncoding = 4; lastKnownFileType = sourcecode.c.h; path = MeTableViewController.h; sourceTree = "<group>"; };
		BCF256DD194E19A5007DADC5 /* MeTableViewController.m */ = {isa = PBXFileReference; fileEncoding = 4; lastKnownFileType = sourcecode.c.objc; path = MeTableViewController.m; sourceTree = "<group>"; };
/* End PBXFileReference section */

/* Begin PBXFrameworksBuildPhase section */
		BC783A2518F4D0D200BC26EB /* Frameworks */ = {
			isa = PBXFrameworksBuildPhase;
			buildActionMask = 2147483647;
			files = (
				BCF256BF193E9F02007DADC5 /* MobileCoreServices.framework in Frameworks */,
				BCF256C6193E9F2E007DADC5 /* StoreKit.framework in Frameworks */,
				BCF256C7193E9F2E007DADC5 /* SystemConfiguration.framework in Frameworks */,
				BCF256C3193E9F20007DADC5 /* Security.framework in Frameworks */,
				BCF256C1193E9F11007DADC5 /* QuartzCore.framework in Frameworks */,
				BCF256BD193E9EEF007DADC5 /* libz.dylib in Frameworks */,
				BCF256BB193E9ECE007DADC5 /* CFNetwork.framework in Frameworks */,
				BC47FEF61932BFFE00725384 /* CoreData.framework in Frameworks */,
				BC949253190F2DB100EC956D /* AudioToolbox.framework in Frameworks */,
				BC949254190F2DB100EC956D /* AVFoundation.framework in Frameworks */,
				BC8E8F3C18FB225D008D8C51 /* MapKit.framework in Frameworks */,
				BC949250190F2D4500EC956D /* Slt.framework in Frameworks */,
				BC8E8F2818FAE95E008D8C51 /* CoreLocation.framework in Frameworks */,
				BCF256B9193E9DF3007DADC5 /* Parse.framework in Frameworks */,
				BC783A2E18F4D0D200BC26EB /* CoreGraphics.framework in Frameworks */,
				BC783A3018F4D0D200BC26EB /* UIKit.framework in Frameworks */,
				BC783A2C18F4D0D200BC26EB /* Foundation.framework in Frameworks */,
				BC94924F190F2D4500EC956D /* OpenEars.framework in Frameworks */,
			);
			runOnlyForDeploymentPostprocessing = 0;
		};
		BC783A4618F4D0D300BC26EB /* Frameworks */ = {
			isa = PBXFrameworksBuildPhase;
			buildActionMask = 2147483647;
			files = (
				BC783A4B18F4D0D300BC26EB /* XCTest.framework in Frameworks */,
				BC783A4D18F4D0D300BC26EB /* UIKit.framework in Frameworks */,
				BC783A4C18F4D0D300BC26EB /* Foundation.framework in Frameworks */,
			);
			runOnlyForDeploymentPostprocessing = 0;
		};
/* End PBXFrameworksBuildPhase section */

/* Begin PBXGroup section */
		BC47FEF71932C03500725384 /* Data */ = {
			isa = PBXGroup;
			children = (
				BC47FEF81932C06600725384 /* fun4.xcdatamodeld */,
				BC47FF011934121A00725384 /* Traveler.h */,
				BC47FF021934121A00725384 /* Traveler.m */,
			);
			name = Data;
			path = ..;
			sourceTree = "<group>";
		};
		BC783A1F18F4D0D200BC26EB = {
			isa = PBXGroup;
			children = (
				BC783A3118F4D0D200BC26EB /* fun4 */,
				BC783A5018F4D0D300BC26EB /* fun4Tests */,
				BC783A2A18F4D0D200BC26EB /* Frameworks */,
				BC783A2918F4D0D200BC26EB /* Products */,
				BC949248190F2D4500EC956D /* Framework */,
			);
			sourceTree = "<group>";
		};
		BC783A2918F4D0D200BC26EB /* Products */ = {
			isa = PBXGroup;
			children = (
				BC783A2818F4D0D200BC26EB /* fun4.app */,
				BC783A4918F4D0D300BC26EB /* fun4Tests.xctest */,
			);
			name = Products;
			sourceTree = "<group>";
		};
		BC783A2A18F4D0D200BC26EB /* Frameworks */ = {
			isa = PBXGroup;
			children = (
				BCF256C4193E9F2E007DADC5 /* StoreKit.framework */,
				BCF256C5193E9F2E007DADC5 /* SystemConfiguration.framework */,
				BCF256C2193E9F20007DADC5 /* Security.framework */,
				BCF256C0193E9F11007DADC5 /* QuartzCore.framework */,
				BCF256BE193E9F02007DADC5 /* MobileCoreServices.framework */,
				BCF256BC193E9EEF007DADC5 /* libz.dylib */,
				BCF256BA193E9ECE007DADC5 /* CFNetwork.framework */,
				BCF256B8193E9DF3007DADC5 /* Parse.framework */,
				BC47FEF51932BFFE00725384 /* CoreData.framework */,
				BC949251190F2DB100EC956D /* AudioToolbox.framework */,
				BC949252190F2DB100EC956D /* AVFoundation.framework */,
				BC8E8F3B18FB225D008D8C51 /* MapKit.framework */,
				BC8E8F2718FAE95E008D8C51 /* CoreLocation.framework */,
				BC783A2B18F4D0D200BC26EB /* Foundation.framework */,
				BC783A2D18F4D0D200BC26EB /* CoreGraphics.framework */,
				BC783A2F18F4D0D200BC26EB /* UIKit.framework */,
				BC783A4A18F4D0D300BC26EB /* XCTest.framework */,
			);
			name = Frameworks;
			sourceTree = "<group>";
		};
		BC783A3118F4D0D200BC26EB /* fun4 */ = {
			isa = PBXGroup;
			children = (
				BC47FEF71932C03500725384 /* Data */,
				BC91AAF21909ECA5004B2135 /* Model */,
				BC8E8F2518FAE7C0008D8C51 /* protocols */,
				BC783A6018F4D0E000BC26EB /* iPad */,
				BC8E8F3D18FB236D008D8C51 /* JSONKit.h */,
				BC8E8F3E18FB236D008D8C51 /* JSONKit.m */,
				BC783A3A18F4D0D200BC26EB /* AppDelegate.h */,
				BC783A3B18F4D0D200BC26EB /* AppDelegate.m */,
				BC783A3D18F4D0D200BC26EB /* Main.storyboard */,
				BC783A4018F4D0D200BC26EB /* ViewController.h */,
				BC783A4118F4D0D200BC26EB /* ViewController.m */,
				BC783A4318F4D0D200BC26EB /* Images.xcassets */,
				BC8E8F2C18FAEC20008D8C51 /* AttractionsTableViewController.h */,
				BC8E8F2D18FAEC20008D8C51 /* AttractionsTableViewController.m */,
				BC8E8F3818FB1F42008D8C51 /* SearchViewController.h */,
				BC8E8F3918FB1F42008D8C51 /* SearchViewController.m */,
				BC91AAEE1909DA1B004B2135 /* AttractionDetailViewController.h */,
				BC91AAEF1909DA1B004B2135 /* AttractionDetailViewController.m */,
				BC47FF07193416FB00725384 /* MeViewController.h */,
				BC47FF08193416FB00725384 /* MeViewController.m */,
				BCF256DC194E19A5007DADC5 /* MeTableViewController.h */,
				BCF256DD194E19A5007DADC5 /* MeTableViewController.m */,
				BCF256D4194A838E007DADC5 /* PhotoPickerViewController.h */,
				BCF256D5194A838E007DADC5 /* PhotoPickerViewController.m */,
				BCF256C819468C38007DADC5 /* PreferenceViewController.h */,
				BCF256C919468C38007DADC5 /* PreferenceViewController.m */,
				BC9492551911CF5800EC956D /* DynamicSpeechRecognition.h */,
				BC9492561911CF5800EC956D /* DynamicSpeechRecognition.m */,
				BC783A3218F4D0D200BC26EB /* Supporting Files */,
			);
			path = fun4;
			sourceTree = "<group>";
		};
		BC783A3218F4D0D200BC26EB /* Supporting Files */ = {
			isa = PBXGroup;
			children = (
				BC783A3318F4D0D200BC26EB /* fun4-Info.plist */,
				BC783A3418F4D0D200BC26EB /* InfoPlist.strings */,
				BC783A3718F4D0D200BC26EB /* main.m */,
				BC783A3918F4D0D200BC26EB /* fun4-Prefix.pch */,
			);
			name = "Supporting Files";
			sourceTree = "<group>";
		};
		BC783A5018F4D0D300BC26EB /* fun4Tests */ = {
			isa = PBXGroup;
			children = (
				BC783A5618F4D0D300BC26EB /* fun4Tests.m */,
				BC783A5118F4D0D300BC26EB /* Supporting Files */,
			);
			path = fun4Tests;
			sourceTree = "<group>";
		};
		BC783A5118F4D0D300BC26EB /* Supporting Files */ = {
			isa = PBXGroup;
			children = (
				BC783A5218F4D0D300BC26EB /* fun4Tests-Info.plist */,
				BC783A5318F4D0D300BC26EB /* InfoPlist.strings */,
			);
			name = "Supporting Files";
			sourceTree = "<group>";
		};
		BC783A6018F4D0E000BC26EB /* iPad */ = {
			isa = PBXGroup;
			children = (
			);
			name = iPad;
			sourceTree = "<group>";
		};
		BC8E8F2518FAE7C0008D8C51 /* protocols */ = {
			isa = PBXGroup;
			children = (
				BC8E8F2618FAE7F6008D8C51 /* searchCriteriaProtocol.h */,
				BC91AAF11909EC02004B2135 /* attractionDetailProtocol.h */,
			);
			name = protocols;
			sourceTree = "<group>";
		};
		BC91AAF21909ECA5004B2135 /* Model */ = {
			isa = PBXGroup;
			children = (
				BC91AAF31909ECD2004B2135 /* Attraction.h */,
				BC91AAF41909ECD2004B2135 /* Attraction.m */,
			);
			name = Model;
			sourceTree = "<group>";
		};
		BC949248190F2D4500EC956D /* Framework */ = {
			isa = PBXGroup;
			children = (
				BC949249190F2D4500EC956D /* AcousticModelEnglish.bundle */,
				BC94924A190F2D4500EC956D /* AcousticModelSpanish.bundle */,
				BC94924B190F2D4500EC956D /* OpenEars.framework */,
				BC94924C190F2D4500EC956D /* Slt.framework */,
			);
			name = Framework;
			path = ../OpenEarsDistribution/Framework;
			sourceTree = "<group>";
		};
/* End PBXGroup section */

/* Begin PBXNativeTarget section */
		BC783A2718F4D0D200BC26EB /* fun4 */ = {
			isa = PBXNativeTarget;
			buildConfigurationList = BC783A5A18F4D0D300BC26EB /* Build configuration list for PBXNativeTarget "fun4" */;
			buildPhases = (
				BC783A2418F4D0D200BC26EB /* Sources */,
				BC783A2518F4D0D200BC26EB /* Frameworks */,
				BC783A2618F4D0D200BC26EB /* Resources */,
			);
			buildRules = (
			);
			dependencies = (
			);
			name = fun4;
			productName = fun4;
			productReference = BC783A2818F4D0D200BC26EB /* fun4.app */;
			productType = "com.apple.product-type.application";
		};
		BC783A4818F4D0D300BC26EB /* fun4Tests */ = {
			isa = PBXNativeTarget;
			buildConfigurationList = BC783A5D18F4D0D300BC26EB /* Build configuration list for PBXNativeTarget "fun4Tests" */;
			buildPhases = (
				BC783A4518F4D0D300BC26EB /* Sources */,
				BC783A4618F4D0D300BC26EB /* Frameworks */,
				BC783A4718F4D0D300BC26EB /* Resources */,
			);
			buildRules = (
			);
			dependencies = (
				BC783A4F18F4D0D300BC26EB /* PBXTargetDependency */,
			);
			name = fun4Tests;
			productName = fun4Tests;
			productReference = BC783A4918F4D0D300BC26EB /* fun4Tests.xctest */;
			productType = "com.apple.product-type.bundle.unit-test";
		};
/* End PBXNativeTarget section */

/* Begin PBXProject section */
		BC783A2018F4D0D200BC26EB /* Project object */ = {
			isa = PBXProject;
			attributes = {
				LastUpgradeCheck = 0510;
				ORGANIZATIONNAME = "Ni Yan";
				TargetAttributes = {
					BC783A4818F4D0D300BC26EB = {
						TestTargetID = BC783A2718F4D0D200BC26EB;
					};
				};
			};
			buildConfigurationList = BC783A2318F4D0D200BC26EB /* Build configuration list for PBXProject "fun4" */;
			compatibilityVersion = "Xcode 3.2";
			developmentRegion = English;
			hasScannedForEncodings = 0;
			knownRegions = (
				en,
				Base,
			);
			mainGroup = BC783A1F18F4D0D200BC26EB;
			productRefGroup = BC783A2918F4D0D200BC26EB /* Products */;
			projectDirPath = "";
			projectRoot = "";
			targets = (
				BC783A2718F4D0D200BC26EB /* fun4 */,
				BC783A4818F4D0D300BC26EB /* fun4Tests */,
			);
		};
/* End PBXProject section */

/* Begin PBXResourcesBuildPhase section */
		BC783A2618F4D0D200BC26EB /* Resources */ = {
			isa = PBXResourcesBuildPhase;
			buildActionMask = 2147483647;
			files = (
				BC783A4418F4D0D200BC26EB /* Images.xcassets in Resources */,
				BC94924E190F2D4500EC956D /* AcousticModelSpanish.bundle in Resources */,
				BC94924D190F2D4500EC956D /* AcousticModelEnglish.bundle in Resources */,
				BC783A3618F4D0D200BC26EB /* InfoPlist.strings in Resources */,
				BC783A3F18F4D0D200BC26EB /* Main.storyboard in Resources */,
			);
			runOnlyForDeploymentPostprocessing = 0;
		};
		BC783A4718F4D0D300BC26EB /* Resources */ = {
			isa = PBXResourcesBuildPhase;
			buildActionMask = 2147483647;
			files = (
				BC783A5518F4D0D300BC26EB /* InfoPlist.strings in Resources */,
			);
			runOnlyForDeploymentPostprocessing = 0;
		};
/* End PBXResourcesBuildPhase section */

/* Begin PBXSourcesBuildPhase section */
		BC783A2418F4D0D200BC26EB /* Sources */ = {
			isa = PBXSourcesBuildPhase;
			buildActionMask = 2147483647;
			files = (
				BC9492571911CF5800EC956D /* DynamicSpeechRecognition.m in Sources */,
				BCF256D6194A838E007DADC5 /* PhotoPickerViewController.m in Sources */,
				BC91AAF51909ECD2004B2135 /* Attraction.m in Sources */,
				BC47FEFA1932C06600725384 /* fun4.xcdatamodeld in Sources */,
				BCF256DE194E19A6007DADC5 /* MeTableViewController.m in Sources */,
				BC8E8F4118FB2413008D8C51 /* JSONKit.m in Sources */,
				BCF256CA19468C38007DADC5 /* PreferenceViewController.m in Sources */,
				BC783A4218F4D0D200BC26EB /* ViewController.m in Sources */,
				BC8E8F2E18FAEC20008D8C51 /* AttractionsTableViewController.m in Sources */,
				BC47FF09193416FB00725384 /* MeViewController.m in Sources */,
				BC91AAF01909DA1B004B2135 /* AttractionDetailViewController.m in Sources */,
				BC8E8F3A18FB1F42008D8C51 /* SearchViewController.m in Sources */,
				BC783A3C18F4D0D200BC26EB /* AppDelegate.m in Sources */,
				BC47FF031934121A00725384 /* Traveler.m in Sources */,
				BC783A3818F4D0D200BC26EB /* main.m in Sources */,
			);
			runOnlyForDeploymentPostprocessing = 0;
		};
		BC783A4518F4D0D300BC26EB /* Sources */ = {
			isa = PBXSourcesBuildPhase;
			buildActionMask = 2147483647;
			files = (
				BC783A5718F4D0D300BC26EB /* fun4Tests.m in Sources */,
			);
			runOnlyForDeploymentPostprocessing = 0;
		};
/* End PBXSourcesBuildPhase section */

/* Begin PBXTargetDependency section */
		BC783A4F18F4D0D300BC26EB /* PBXTargetDependency */ = {
			isa = PBXTargetDependency;
			target = BC783A2718F4D0D200BC26EB /* fun4 */;
			targetProxy = BC783A4E18F4D0D300BC26EB /* PBXContainerItemProxy */;
		};
/* End PBXTargetDependency section */

/* Begin PBXVariantGroup section */
		BC783A3418F4D0D200BC26EB /* InfoPlist.strings */ = {
			isa = PBXVariantGroup;
			children = (
				BC783A3518F4D0D200BC26EB /* en */,
			);
			name = InfoPlist.strings;
			sourceTree = "<group>";
		};
		BC783A3D18F4D0D200BC26EB /* Main.storyboard */ = {
			isa = PBXVariantGroup;
			children = (
				BC783A3E18F4D0D200BC26EB /* Base */,
			);
			name = Main.storyboard;
			sourceTree = "<group>";
		};
		BC783A5318F4D0D300BC26EB /* InfoPlist.strings */ = {
			isa = PBXVariantGroup;
			children = (
				BC783A5418F4D0D300BC26EB /* en */,
			);
			name = InfoPlist.strings;
			sourceTree = "<group>";
		};
/* End PBXVariantGroup section */

/* Begin XCBuildConfiguration section */
		BC783A5818F4D0D300BC26EB /* Debug */ = {
			isa = XCBuildConfiguration;
			buildSettings = {
				ALWAYS_SEARCH_USER_PATHS = NO;
				CLANG_CXX_LANGUAGE_STANDARD = "gnu++0x";
				CLANG_CXX_LIBRARY = "libc++";
				CLANG_ENABLE_MODULES = YES;
				CLANG_ENABLE_OBJC_ARC = YES;
				CLANG_WARN_BOOL_CONVERSION = YES;
				CLANG_WARN_CONSTANT_CONVERSION = YES;
				CLANG_WARN_DIRECT_OBJC_ISA_USAGE = YES_ERROR;
				CLANG_WARN_EMPTY_BODY = YES;
				CLANG_WARN_ENUM_CONVERSION = YES;
				CLANG_WARN_INT_CONVERSION = YES;
				CLANG_WARN_OBJC_ROOT_CLASS = YES_ERROR;
				CLANG_WARN__DUPLICATE_METHOD_MATCH = YES;
				"CODE_SIGN_IDENTITY[sdk=iphoneos*]" = "iPhone Developer";
				COPY_PHASE_STRIP = NO;
				GCC_C_LANGUAGE_STANDARD = gnu99;
				GCC_DYNAMIC_NO_PIC = NO;
				GCC_OPTIMIZATION_LEVEL = 0;
				GCC_PREPROCESSOR_DEFINITIONS = (
					"DEBUG=1",
					"$(inherited)",
				);
				GCC_SYMBOLS_PRIVATE_EXTERN = NO;
				GCC_WARN_64_TO_32_BIT_CONVERSION = YES;
				GCC_WARN_ABOUT_RETURN_TYPE = YES_ERROR;
				GCC_WARN_UNDECLARED_SELECTOR = YES;
				GCC_WARN_UNINITIALIZED_AUTOS = YES_AGGRESSIVE;
				GCC_WARN_UNUSED_FUNCTION = YES;
				GCC_WARN_UNUSED_VARIABLE = YES;
				IPHONEOS_DEPLOYMENT_TARGET = 7.1;
				ONLY_ACTIVE_ARCH = YES;
				SDKROOT = iphoneos;
			};
			name = Debug;
		};
		BC783A5918F4D0D300BC26EB /* Release */ = {
			isa = XCBuildConfiguration;
			buildSettings = {
				ALWAYS_SEARCH_USER_PATHS = NO;
				CLANG_CXX_LANGUAGE_STANDARD = "gnu++0x";
				CLANG_CXX_LIBRARY = "libc++";
				CLANG_ENABLE_MODULES = YES;
				CLANG_ENABLE_OBJC_ARC = YES;
				CLANG_WARN_BOOL_CONVERSION = YES;
				CLANG_WARN_CONSTANT_CONVERSION = YES;
				CLANG_WARN_DIRECT_OBJC_ISA_USAGE = YES_ERROR;
				CLANG_WARN_EMPTY_BODY = YES;
				CLANG_WARN_ENUM_CONVERSION = YES;
				CLANG_WARN_INT_CONVERSION = YES;
				CLANG_WARN_OBJC_ROOT_CLASS = YES_ERROR;
				CLANG_WARN__DUPLICATE_METHOD_MATCH = YES;
				"CODE_SIGN_IDENTITY[sdk=iphoneos*]" = "iPhone Developer";
				COPY_PHASE_STRIP = YES;
				ENABLE_NS_ASSERTIONS = NO;
				GCC_C_LANGUAGE_STANDARD = gnu99;
				GCC_WARN_64_TO_32_BIT_CONVERSION = YES;
				GCC_WARN_ABOUT_RETURN_TYPE = YES_ERROR;
				GCC_WARN_UNDECLARED_SELECTOR = YES;
				GCC_WARN_UNINITIALIZED_AUTOS = YES_AGGRESSIVE;
				GCC_WARN_UNUSED_FUNCTION = YES;
				GCC_WARN_UNUSED_VARIABLE = YES;
				IPHONEOS_DEPLOYMENT_TARGET = 7.1;
				SDKROOT = iphoneos;
				VALIDATE_PRODUCT = YES;
			};
			name = Release;
		};
		BC783A5B18F4D0D300BC26EB /* Debug */ = {
			isa = XCBuildConfiguration;
			buildSettings = {
				ASSETCATALOG_COMPILER_APPICON_NAME = AppIcon;
				ASSETCATALOG_COMPILER_LAUNCHIMAGE_NAME = LaunchImage;
				FRAMEWORK_SEARCH_PATHS = (
					"$(inherited)",
					/P/OpenEarsDistribution/Framework,
					"$(PROJECT_DIR)",
				);
				GCC_PRECOMPILE_PREFIX_HEADER = YES;
				GCC_PREFIX_HEADER = "fun4/fun4-Prefix.pch";
				INFOPLIST_FILE = "fun4/fun4-Info.plist";
				IPHONEOS_DEPLOYMENT_TARGET = 7.1;
				PRODUCT_NAME = "$(TARGET_NAME)";
				TARGETED_DEVICE_FAMILY = "1,2";
				WRAPPER_EXTENSION = app;
			};
			name = Debug;
		};
		BC783A5C18F4D0D300BC26EB /* Release */ = {
			isa = XCBuildConfiguration;
			buildSettings = {
				ASSETCATALOG_COMPILER_APPICON_NAME = AppIcon;
				ASSETCATALOG_COMPILER_LAUNCHIMAGE_NAME = LaunchImage;
				FRAMEWORK_SEARCH_PATHS = (
					"$(inherited)",
					/P/OpenEarsDistribution/Framework,
					"$(PROJECT_DIR)",
				);
				GCC_PRECOMPILE_PREFIX_HEADER = YES;
				GCC_PREFIX_HEADER = "fun4/fun4-Prefix.pch";
				INFOPLIST_FILE = "fun4/fun4-Info.plist";
				IPHONEOS_DEPLOYMENT_TARGET = 7.1;
				PRODUCT_NAME = "$(TARGET_NAME)";
				TARGETED_DEVICE_FAMILY = "1,2";
				WRAPPER_EXTENSION = app;
			};
			name = Release;
		};
		BC783A5E18F4D0D300BC26EB /* Debug */ = {
			isa = XCBuildConfiguration;
			buildSettings = {
				BUNDLE_LOADER = "$(BUILT_PRODUCTS_DIR)/fun4.app/fun4";
				FRAMEWORK_SEARCH_PATHS = (
					"$(SDKROOT)/Developer/Library/Frameworks",
					"$(inherited)",
					"$(DEVELOPER_FRAMEWORKS_DIR)",
				);
				GCC_PRECOMPILE_PREFIX_HEADER = YES;
				GCC_PREFIX_HEADER = "fun4/fun4-Prefix.pch";
				GCC_PREPROCESSOR_DEFINITIONS = (
					"DEBUG=1",
					"$(inherited)",
				);
				INFOPLIST_FILE = "fun4Tests/fun4Tests-Info.plist";
				PRODUCT_NAME = "$(TARGET_NAME)";
				TEST_HOST = "$(BUNDLE_LOADER)";
				WRAPPER_EXTENSION = xctest;
			};
			name = Debug;
		};
		BC783A5F18F4D0D300BC26EB /* Release */ = {
			isa = XCBuildConfiguration;
			buildSettings = {
				BUNDLE_LOADER = "$(BUILT_PRODUCTS_DIR)/fun4.app/fun4";
				FRAMEWORK_SEARCH_PATHS = (
					"$(SDKROOT)/Developer/Library/Frameworks",
					"$(inherited)",
					"$(DEVELOPER_FRAMEWORKS_DIR)",
				);
				GCC_PRECOMPILE_PREFIX_HEADER = YES;
				GCC_PREFIX_HEADER = "fun4/fun4-Prefix.pch";
				INFOPLIST_FILE = "fun4Tests/fun4Tests-Info.plist";
				PRODUCT_NAME = "$(TARGET_NAME)";
				TEST_HOST = "$(BUNDLE_LOADER)";
				WRAPPER_EXTENSION = xctest;
			};
			name = Release;
		};
/* End XCBuildConfiguration section */

/* Begin XCConfigurationList section */
		BC783A2318F4D0D200BC26EB /* Build configuration list for PBXProject "fun4" */ = {
			isa = XCConfigurationList;
			buildConfigurations = (
				BC783A5818F4D0D300BC26EB /* Debug */,
				BC783A5918F4D0D300BC26EB /* Release */,
			);
			defaultConfigurationIsVisible = 0;
			defaultConfigurationName = Release;
		};
		BC783A5A18F4D0D300BC26EB /* Build configuration list for PBXNativeTarget "fun4" */ = {
			isa = XCConfigurationList;
			buildConfigurations = (
				BC783A5B18F4D0D300BC26EB /* Debug */,
				BC783A5C18F4D0D300BC26EB /* Release */,
			);
			defaultConfigurationIsVisible = 0;
			defaultConfigurationName = Release;
		};
		BC783A5D18F4D0D300BC26EB /* Build configuration list for PBXNativeTarget "fun4Tests" */ = {
			isa = XCConfigurationList;
			buildConfigurations = (
				BC783A5E18F4D0D300BC26EB /* Debug */,
				BC783A5F18F4D0D300BC26EB /* Release */,
			);
			defaultConfigurationIsVisible = 0;
			defaultConfigurationName = Release;
		};
/* End XCConfigurationList section */

/* Begin XCVersionGroup section */
		BC47FEF81932C06600725384 /* fun4.xcdatamodeld */ = {
			isa = XCVersionGroup;
			children = (
				BC47FEF91932C06600725384 /* fun4.xcdatamodel */,
			);
			currentVersion = BC47FEF91932C06600725384 /* fun4.xcdatamodel */;
			path = fun4.xcdatamodeld;
			sourceTree = "<group>";
			versionGroupType = wrapper.xcdatamodel;
		};
/* End XCVersionGroup section */
	};
	rootObject = BC783A2018F4D0D200BC26EB /* Project object */;
}
